
Microsoft Visual Studio Solution File, Format Version 12.00
# Visual Studio Version 17
VisualStudioVersion = 17.0.32014.148
MinimumVisualStudioVersion = 10.0.40219.1
Project("{FAE04EC0-301F-11D3-BF4B-00C04F79EFBC}") = "WebApplication1", "WebApplication1\WebApplication1.csproj", "{48162A45-9FBA-43FF-981B-F6AD1F855BD7}"
EndProject
Project("{FAE04EC0-301F-11D3-BF4B-00C04F79EFBC}") = "WebApplication1.Test", "UnitTestProject1\WebApplication1.Test.csproj", "{8BA84949-359F-41D5-B672-A46139D3BE90}"
EndProject
Global
	GlobalSection(SolutionConfigurationPlatforms) = preSolution
		Debug|Any CPU = Debug|Any CPU
		Release|Any CPU = Release|Any CPU
	EndGlobalSection
	GlobalSection(ProjectConfigurationPlatforms) = postSolution
		{48162A45-9FBA-43FF-981B-F6AD1F855BD7}.Debug|Any CPU.ActiveCfg = Debug|Any CPU
		{48162A45-9FBA-43FF-981B-F6AD1F855BD7}.Debug|Any CPU.Build.0 = Debug|Any CPU
		{48162A45-9FBA-43FF-981B-F6AD1F855BD7}.Release|Any CPU.ActiveCfg = Release|Any CPU
		{48162A45-9FBA-43FF-981B-F6AD1F855BD7}.Release|Any CPU.Build.0 = Release|Any CPU
		{8BA84949-359F-41D5-B672-A46139D3BE90}.Debug|Any CPU.ActiveCfg = Debug|Any CPU
		{8BA84949-359F-41D5-B672-A46139D3BE90}.Debug|Any CPU.Build.0 = Debug|Any CPU
		{8BA84949-359F-41D5-B672-A46139D3BE90}.Release|Any CPU.ActiveCfg = Release|Any CPU
		{8BA84949-359F-41D5-B672-A46139D3BE90}.Release|Any CPU.Build.0 = Release|Any CPU
	EndGlobalSection
	GlobalSection(SolutionProperties) = preSolution
		HideSolutionNode = FALSE
	EndGlobalSection
	GlobalSection(ExtensibilityGlobals) = postSolution
		SolutionGuid = {B1B37F56-0BEE-4089-95F5-961478710C06}
	EndGlobalSection
EndGlobal
